
Microsoft Visual Studio Solution File, Format Version 12.00
# Visual Studio Version 16
VisualStudioVersion = 16.0.30517.126
MinimumVisualStudioVersion = 10.0.40219.1
Project("{9A19103F-16F7-4668-BE54-9A1E7A4F7556}") = "DI-With-MultipleImplementation", "DI-With-MultipleImplementation.csproj", "{997B1EE2-7B6B-4482-9B29-09E10A86687E}"
EndProject
Global
	GlobalSection(SolutionConfigurationPlatforms) = preSolution
		Debug|Any CPU = Debug|Any CPU
		Release|Any CPU = Release|Any CPU
	EndGlobalSection
	GlobalSection(ProjectConfigurationPlatforms) = postSolution
		{997B1EE2-7B6B-4482-9B29-09E10A86687E}.Debug|Any CPU.ActiveCfg = Debug|Any CPU
		{997B1EE2-7B6B-4482-9B29-09E10A86687E}.Debug|Any CPU.Build.0 = Debug|Any CPU
		{997B1EE2-7B6B-4482-9B29-09E10A86687E}.Release|Any CPU.ActiveCfg = Release|Any CPU
		{997B1EE2-7B6B-4482-9B29-09E10A86687E}.Release|Any CPU.Build.0 = Release|Any CPU
	EndGlobalSection
	GlobalSection(SolutionProperties) = preSolution
		HideSolutionNode = FALSE
	EndGlobalSection
	GlobalSection(ExtensibilityGlobals) = postSolution
		SolutionGuid = {2E30A54F-4E6C-4250-BE32-6847FAA1570D}
	EndGlobalSection
EndGlobal
